<?xml version="1.0" encoding="utf-8"?>
<Project ToolsVersion="4.0" xmlns="http://schemas.microsoft.com/developer/msbuild/2003">
  <ItemGroup>
    <Filter Include="Header Files">
      <UniqueIdentifier>{93995380-89BD-4b04-88EB-625FBE52EBFB}</UniqueIdentifier>
      <Extensions>h;hh;hpp;hxx;hm;inl;inc;ipp;xsd</Extensions>
    </Filter>
    <Filter Include="Resource Files">
      <UniqueIdentifier>{67DA6AB6-F800-4c08-8B7A-83BB121AAD01}</UniqueIdentifier>
      <Extensions>rc;ico;cur;bmp;dlg;rc2;rct;bin;rgs;gif;jpg;jpeg;jpe;resx;tiff;tif;png;wav;mfcribbon-ms</Extensions>
    </Filter>
    <Filter Include="Technical">
      <UniqueIdentifier>{b516ba06-eb8a-4c6b-be36-409866fb669a}</UniqueIdentifier>
    </Filter>
  </ItemGroup>
  <ItemGroup>
    <ClInclude Include="Object.h">
      <Filter>Header Files</Filter>
    </ClInclude>
    <ClInclude Include="Piece_type.h">
      <Filter>Header Files</Filter>
    </ClInclude>
    <ClInclude Include="Piece.h">
      <Filter>Header Files</Filter>
    </ClInclude>
    <ClInclude Include="DirectXApplication.h">
      <Filter>Technical</Filter>
    </ClInclude>
    <ClInclude Include="Sprite.h">
      <Filter>Technical</Filter>
    </ClInclude>
    <ClInclude Include="GameApp.h">
      <Filter>Technical</Filter>
    </ClInclude>
    <ClInclude Include="Resource.h">
      <Filter>Resource Files</Filter>
    </ClInclude>
    <ClInclude Include="Game.h">
      <Filter>Header Files</Filter>
    </ClInclude>
  </ItemGroup>
  <ItemGroup>
    <ClCompile Include="DirectXApplication.cpp">
      <Filter>Technical</Filter>
    </ClCompile>
    <ClCompile Include="Sprite.cpp">
      <Filter>Technical</Filter>
    </ClCompile>
    <ClCompile Include="main.cpp">
      <Filter>Technical</Filter>
    </ClCompile>
    <ClCompile Include="GameApp.cpp">
      <Filter>Technical</Filter>
    </ClCompile>
    <ClCompile Include="Object.cpp">
      <Filter>Header Files</Filter>
    </ClCompile>
    <ClCompile Include="Game.cpp">
      <Filter>Header Files</Filter>
    </ClCompile>
  </ItemGroup>
  <ItemGroup>
    <None Include="packages.config" />
    <None Include="myfile.spritefont">
      <Filter>Resource Files</Filter>
    </None>
  </ItemGroup>
  <ItemGroup>
    <ResourceCompile Include="ChessDB.rc">
      <Filter>Resource Files</Filter>
    </ResourceCompile>
  </ItemGroup>
</Project>